
Microsoft Visual Studio Solution File, Format Version 12.00
# Visual Studio Version 17
VisualStudioVersion = 17.14.36127.28 d17.14
MinimumVisualStudioVersion = 10.0.40219.1
Project("{FAE04EC0-301F-11D3-BF4B-00C04F79EFBC}") = "AvaloniaUI.Browser.Storage", "AvaloniaUI.Browser.Storage.csproj", "{A501A531-6B05-4E74-B39D-122A5D9D5042}"
EndProject
Project("{FAE04EC0-301F-11D3-BF4B-00C04F79EFBC}") = "AvaloniaUI.Browser.Storage.Demo", "..\AvaloniaUI.Browser.Storage.Demo\AvaloniaUI.Browser.Storage.Demo.csproj", "{EC190E1C-61CC-A251-5644-929EA9CD75B1}"
EndProject
Project("{FAE04EC0-301F-11D3-BF4B-00C04F79EFBC}") = "AvaloniaUI.Browser.Storage.Demo.Browser", "..\AvaloniaUI.Browser.Storage.Demo.Browser\AvaloniaUI.Browser.Storage.Demo.Browser.csproj", "{6B6D49E8-1182-A18A-8488-1BB3BA51C4C0}"
EndProject
Project("{FAE04EC0-301F-11D3-BF4B-00C04F79EFBC}") = "AvaloniaUI.Browser.Storage.Demo.Desktop", "..\AvaloniaUI.Browser.Storage.Demo.Desktop\AvaloniaUI.Browser.Storage.Demo.Desktop.csproj", "{994BC021-518D-4172-EB53-328538B29BD8}"
EndProject
Global
	GlobalSection(SolutionConfigurationPlatforms) = preSolution
		Debug|Any CPU = Debug|Any CPU
		Release|Any CPU = Release|Any CPU
	EndGlobalSection
	GlobalSection(ProjectConfigurationPlatforms) = postSolution
		{A501A531-6B05-4E74-B39D-122A5D9D5042}.Debug|Any CPU.ActiveCfg = Debug|Any CPU
		{A501A531-6B05-4E74-B39D-122A5D9D5042}.Debug|Any CPU.Build.0 = Debug|Any CPU
		{A501A531-6B05-4E74-B39D-122A5D9D5042}.Release|Any CPU.ActiveCfg = Release|Any CPU
		{A501A531-6B05-4E74-B39D-122A5D9D5042}.Release|Any CPU.Build.0 = Release|Any CPU
		{EC190E1C-61CC-A251-5644-929EA9CD75B1}.Debug|Any CPU.ActiveCfg = Debug|Any CPU
		{EC190E1C-61CC-A251-5644-929EA9CD75B1}.Debug|Any CPU.Build.0 = Debug|Any CPU
		{EC190E1C-61CC-A251-5644-929EA9CD75B1}.Release|Any CPU.ActiveCfg = Release|Any CPU
		{EC190E1C-61CC-A251-5644-929EA9CD75B1}.Release|Any CPU.Build.0 = Release|Any CPU
		{6B6D49E8-1182-A18A-8488-1BB3BA51C4C0}.Debug|Any CPU.ActiveCfg = Debug|Any CPU
		{6B6D49E8-1182-A18A-8488-1BB3BA51C4C0}.Debug|Any CPU.Build.0 = Debug|Any CPU
		{6B6D49E8-1182-A18A-8488-1BB3BA51C4C0}.Release|Any CPU.ActiveCfg = Release|Any CPU
		{6B6D49E8-1182-A18A-8488-1BB3BA51C4C0}.Release|Any CPU.Build.0 = Release|Any CPU
		{994BC021-518D-4172-EB53-328538B29BD8}.Debug|Any CPU.ActiveCfg = Debug|Any CPU
		{994BC021-518D-4172-EB53-328538B29BD8}.Debug|Any CPU.Build.0 = Debug|Any CPU
		{994BC021-518D-4172-EB53-328538B29BD8}.Release|Any CPU.ActiveCfg = Release|Any CPU
		{994BC021-518D-4172-EB53-328538B29BD8}.Release|Any CPU.Build.0 = Release|Any CPU
	EndGlobalSection
	GlobalSection(SolutionProperties) = preSolution
		HideSolutionNode = FALSE
	EndGlobalSection
	GlobalSection(ExtensibilityGlobals) = postSolution
		SolutionGuid = {22564AC9-95B4-4BB2-ACF6-3064E26E65F9}
	EndGlobalSection
EndGlobal
